
Microsoft Visual Studio Solution File, Format Version 11.00
# Visual Studio 2010
# SharpDevelop 4.4
Project("{FAE04EC0-301F-11D3-BF4B-00C04F79EFBC}") = "LuaInterface_sharpdevelop", "LuaInterface_sharpdevelop.csproj", "{89ED9FAB-2828-4514-A208-ECD5D473E762}"
EndProject
Global
	GlobalSection(SolutionConfigurationPlatforms) = preSolution
		Debug|Any CPU = Debug|Any CPU
		Release|Any CPU = Release|Any CPU
	EndGlobalSection
	GlobalSection(ProjectConfigurationPlatforms) = postSolution
		{89ED9FAB-2828-4514-A208-ECD5D473E762}.Debug|Any CPU.Build.0 = Debug|Any CPU
		{89ED9FAB-2828-4514-A208-ECD5D473E762}.Debug|Any CPU.ActiveCfg = Debug|Any CPU
		{89ED9FAB-2828-4514-A208-ECD5D473E762}.Release|Any CPU.Build.0 = Release|Any CPU
		{89ED9FAB-2828-4514-A208-ECD5D473E762}.Release|Any CPU.ActiveCfg = Release|Any CPU
	EndGlobalSection
EndGlobal
